
Microsoft Visual Studio Solution File, Format Version 12.00
# Visual Studio Version 17
VisualStudioVersion = 17.5.002.0
MinimumVisualStudioVersion = 10.0.40219.1
Project("{9A19103F-16F7-4668-BE54-9A1E7A4F7556}") = "prove-05", "s24-prove-05-racheltesene-main\prove-05.csproj", "{554BBC1C-B4CB-4D92-B167-D2DCA86F1B26}"
EndProject
Global
	GlobalSection(SolutionConfigurationPlatforms) = preSolution
		Debug|Any CPU = Debug|Any CPU
		Release|Any CPU = Release|Any CPU
	EndGlobalSection
	GlobalSection(ProjectConfigurationPlatforms) = postSolution
		{554BBC1C-B4CB-4D92-B167-D2DCA86F1B26}.Debug|Any CPU.ActiveCfg = Debug|Any CPU
		{554BBC1C-B4CB-4D92-B167-D2DCA86F1B26}.Debug|Any CPU.Build.0 = Debug|Any CPU
		{554BBC1C-B4CB-4D92-B167-D2DCA86F1B26}.Release|Any CPU.ActiveCfg = Release|Any CPU
		{554BBC1C-B4CB-4D92-B167-D2DCA86F1B26}.Release|Any CPU.Build.0 = Release|Any CPU
	EndGlobalSection
	GlobalSection(SolutionProperties) = preSolution
		HideSolutionNode = FALSE
	EndGlobalSection
	GlobalSection(ExtensibilityGlobals) = postSolution
		SolutionGuid = {74C7F01B-E927-4ABA-8744-FF90B97E5254}
	EndGlobalSection
EndGlobal
